PODS:
  - Alamofire (2.0.0-beta.1)
  - ObjectMapper (0.14)
  - Runes (3.0.0-rc.1)
  - SwiftyJSON (2.2.1)

DEPENDENCIES:
  - Alamofire (from `https://github.com/Alamofire/Alamofire.git`, branch `swift-2.0`)
  - ObjectMapper (from `https://github.com/Hearst-DD/ObjectMapper.git`, branch `swift-2.0`)
  - Runes (from `https://github.com/thoughtbot/Runes.git`)
  - SwiftyJSON (from `https://github.com/SwiftyJSON/SwiftyJSON.git`, branch `xcode7`)

EXTERNAL SOURCES:
  Alamofire:
    :branch: swift-2.0
    :git: https://github.com/Alamofire/Alamofire.git
  ObjectMapper:
    :branch: swift-2.0
    :git: https://github.com/Hearst-DD/ObjectMapper.git
  Runes:
    :git: https://github.com/thoughtbot/Runes.git
  SwiftyJSON:
    :branch: xcode7
    :git: https://github.com/SwiftyJSON/SwiftyJSON.git

CHECKOUT OPTIONS:
  Alamofire:
    :commit: 8c0a49c20c6e9ddbf976cd6230fe8e148601fa1d
    :git: https://github.com/Alamofire/Alamofire.git
  ObjectMapper:
    :commit: 87180c69bf38ca3ca7955214bc4cacb45e859445
    :git: https://github.com/Hearst-DD/ObjectMapper.git
  Runes:
    :commit: 13fc6356b6d82d4cc68f8ca925a1c12bd19c3a1e
    :git: https://github.com/thoughtbot/Runes.git
  SwiftyJSON:
    :commit: 45ca854ce75948858f65e31fbc58cbf214669250
    :git: https://github.com/SwiftyJSON/SwiftyJSON.git

SPEC CHECKSUMS:
  Alamofire: 96feccc1e48a735edb92395cf023ba4ed52bdb45
  ObjectMapper: 45b97fa0a68c3851daad3efca87bc6c1ab1718c0
  Runes: 0db8b934fa05b46cbb6cb3b3dbac2ff9c776a506
  SwiftyJSON: ae2d0a3d68025d136602a33c4ee215091ced3e33

COCOAPODS: 0.38.2
